// !$*UTF8*$!
{
	archiveVersion = 1;
	classes = {
	};
	objectVersion = 46;
	objects = {

/* Begin PBXBuildFile section */
		006D720419952D00008149E2 /* AVFoundation.framework in Frameworks */ = {isa = PBXBuildFile; fileRef = 006D720219952D00008149E2 /* AVFoundation.framework */; };
		006D720519952D00008149E2 /* CoreMedia.framework in Frameworks */ = {isa = PBXBuildFile; fileRef = 006D720319952D00008149E2 /* CoreMedia.framework */; };
		0091D8F90E81B9330029341E /* OpenGL.framework in Frameworks */ = {isa = PBXBuildFile; fileRef = 0091D8F80E81B9330029341E /* OpenGL.framework */; };
		00B784B30FF439BC000DE1D7 /* Accelerate.framework in Frameworks */ = {isa = PBXBuildFile; fileRef = 00B784AF0FF439BC000DE1D7 /* Accelerate.framework */; };
		00B784B40FF439BC000DE1D7 /* AudioToolbox.framework in Frameworks */ = {isa = PBXBuildFile; fileRef = 00B784B00FF439BC000DE1D7 /* AudioToolbox.framework */; };
		00B784B50FF439BC000DE1D7 /* AudioUnit.framework in Frameworks */ = {isa = PBXBuildFile; fileRef = 00B784B10FF439BC000DE1D7 /* AudioUnit.framework */; };
		00B784B60FF439BC000DE1D7 /* CoreAudio.framework in Frameworks */ = {isa = PBXBuildFile; fileRef = 00B784B20FF439BC000DE1D7 /* CoreAudio.framework */; };
		00B9955A1B128DF400A5C623 /* IOKit.framework in Frameworks */ = {isa = PBXBuildFile; fileRef = 00B995581B128DF400A5C623 /* IOKit.framework */; };
		00B9955B1B128DF400A5C623 /* IOSurface.framework in Frameworks */ = {isa = PBXBuildFile; fileRef = 00B995591B128DF400A5C623 /* IOSurface.framework */; };
		3A1733421E78A94400C60D7B /* Scene.cpp in Sources */ = {isa = PBXBuildFile; fileRef = 3A1733411E78A94400C60D7B /* Scene.cpp */; };
		3A17334A1E78A9DC00C60D7B /* Muscle.cpp in Sources */ = {isa = PBXBuildFile; fileRef = 3A1733481E78A9DC00C60D7B /* Muscle.cpp */; };
		3A17335B1E7EDD6200C60D7B /* Brain.cpp in Sources */ = {isa = PBXBuildFile; fileRef = 3A17335A1E7EDD6200C60D7B /* Brain.cpp */; };
		3A17335E1E7EDD6C00C60D7B /* Character.cpp in Sources */ = {isa = PBXBuildFile; fileRef = 3A17335D1E7EDD6C00C60D7B /* Character.cpp */; };
		3A1733611E7EDD7D00C60D7B /* CharacterScene.cpp in Sources */ = {isa = PBXBuildFile; fileRef = 3A1733601E7EDD7D00C60D7B /* CharacterScene.cpp */; };
		3A1733691E7EE11700C60D7B /* Evolution.cpp in Sources */ = {isa = PBXBuildFile; fileRef = 3A1733671E7EE11700C60D7B /* Evolution.cpp */; };
		3A44CDD71E6F71BC001D7C7A /* RigidBody.cpp in Sources */ = {isa = PBXBuildFile; fileRef = 3A44CDD51E6F71BC001D7C7A /* RigidBody.cpp */; };
		3A44CDDD1E6F78E1001D7C7A /* Sphere.cpp in Sources */ = {isa = PBXBuildFile; fileRef = 3A44CDDC1E6F78E1001D7C7A /* Sphere.cpp */; };
		3A44CDDF1E6F7B63001D7C7A /* Box.cpp in Sources */ = {isa = PBXBuildFile; fileRef = 3A44CDDE1E6F7B63001D7C7A /* Box.cpp */; };
		3A44CDE31E6F7BA5001D7C7A /* Utils.cpp in Sources */ = {isa = PBXBuildFile; fileRef = 3A44CDE11E6F7BA5001D7C7A /* Utils.cpp */; };
		3A44CDE81E6F7EA1001D7C7A /* BaseConstraint.cpp in Sources */ = {isa = PBXBuildFile; fileRef = 3A44CDE61E6F7EA1001D7C7A /* BaseConstraint.cpp */; };
		3A44CDEB1E6F7F38001D7C7A /* GroundConstraint.cpp in Sources */ = {isa = PBXBuildFile; fileRef = 3A44CDE91E6F7F38001D7C7A /* GroundConstraint.cpp */; };
		3A44CDEF1E6F81E4001D7C7A /* DistanceConstraint.cpp in Sources */ = {isa = PBXBuildFile; fileRef = 3A44CDED1E6F81E4001D7C7A /* DistanceConstraint.cpp */; };
		3A44CDF21E7048CA001D7C7A /* ContactConstraint.cpp in Sources */ = {isa = PBXBuildFile; fileRef = 3A44CDF01E7048CA001D7C7A /* ContactConstraint.cpp */; };
		3A44CDF61E70525C001D7C7A /* BallAndSocketJoint.cpp in Sources */ = {isa = PBXBuildFile; fileRef = 3A44CDF41E70525C001D7C7A /* BallAndSocketJoint.cpp */; };
		3A44CDF91E70547F001D7C7A /* HingeJoint.cpp in Sources */ = {isa = PBXBuildFile; fileRef = 3A44CDF71E70547F001D7C7A /* HingeJoint.cpp */; };
		3A44CDFC1E706316001D7C7A /* Collision.cpp in Sources */ = {isa = PBXBuildFile; fileRef = 3A44CDFA1E706316001D7C7A /* Collision.cpp */; };
		3A44CE0B1E73B070001D7C7A /* Scenes.hpp in Sources */ = {isa = PBXBuildFile; fileRef = 3A44CE091E73B070001D7C7A /* Scenes.hpp */; };
		3A44CE0F1E7460A0001D7C7A /* Material.cpp in Sources */ = {isa = PBXBuildFile; fileRef = 3A44CE0D1E7460A0001D7C7A /* Material.cpp */; };
		3A44CE121E783D3F001D7C7A /* Island.cpp in Sources */ = {isa = PBXBuildFile; fileRef = 3A44CE101E783D3F001D7C7A /* Island.cpp */; };
		5323E6B20EAFCA74003A9687 /* CoreVideo.framework in Frameworks */ = {isa = PBXBuildFile; fileRef = 5323E6B10EAFCA74003A9687 /* CoreVideo.framework */; };
		8D11072F0486CEB800E47090 /* Cocoa.framework in Frameworks */ = {isa = PBXBuildFile; fileRef = 1058C7A1FEA54F0111CA2CBB /* Cocoa.framework */; };
		EC87B634BA93402CB24AB258 /* CinderApp.icns in Resources */ = {isa = PBXBuildFile; fileRef = 368F767DED1B446E9953E6EB /* CinderApp.icns */; };
		FA96CC66C0774656A1E6B1D8 /* BoltzmannPhysicsApp.cpp in Sources */ = {isa = PBXBuildFile; fileRef = 0BFF432AF1054C31A61991C0 /* BoltzmannPhysicsApp.cpp */; };
/* End PBXBuildFile section */

/* Begin PBXFileReference section */
		006D720219952D00008149E2 /* AVFoundation.framework */ = {isa = PBXFileReference; lastKnownFileType = wrapper.framework; name = AVFoundation.framework; path = System/Library/Frameworks/AVFoundation.framework; sourceTree = SDKROOT; };
		006D720319952D00008149E2 /* CoreMedia.framework */ = {isa = PBXFileReference; lastKnownFileType = wrapper.framework; name = CoreMedia.framework; path = System/Library/Frameworks/CoreMedia.framework; sourceTree = SDKROOT; };
		0091D8F80E81B9330029341E /* OpenGL.framework */ = {isa = PBXFileReference; lastKnownFileType = wrapper.framework; name = OpenGL.framework; path = /System/Library/Frameworks/OpenGL.framework; sourceTree = "<absolute>"; };
		00B784AF0FF439BC000DE1D7 /* Accelerate.framework */ = {isa = PBXFileReference; lastKnownFileType = wrapper.framework; name = Accelerate.framework; path = System/Library/Frameworks/Accelerate.framework; sourceTree = SDKROOT; };
		00B784B00FF439BC000DE1D7 /* AudioToolbox.framework */ = {isa = PBXFileReference; lastKnownFileType = wrapper.framework; name = AudioToolbox.framework; path = System/Library/Frameworks/AudioToolbox.framework; sourceTree = SDKROOT; };
		00B784B10FF439BC000DE1D7 /* AudioUnit.framework */ = {isa = PBXFileReference; lastKnownFileType = wrapper.framework; name = AudioUnit.framework; path = System/Library/Frameworks/AudioUnit.framework; sourceTree = SDKROOT; };
		00B784B20FF439BC000DE1D7 /* CoreAudio.framework */ = {isa = PBXFileReference; lastKnownFileType = wrapper.framework; name = CoreAudio.framework; path = System/Library/Frameworks/CoreAudio.framework; sourceTree = SDKROOT; };
		00B995581B128DF400A5C623 /* IOKit.framework */ = {isa = PBXFileReference; lastKnownFileType = wrapper.framework; name = IOKit.framework; path = System/Library/Frameworks/IOKit.framework; sourceTree = SDKROOT; };
		00B995591B128DF400A5C623 /* IOSurface.framework */ = {isa = PBXFileReference; lastKnownFileType = wrapper.framework; name = IOSurface.framework; path = System/Library/Frameworks/IOSurface.framework; sourceTree = SDKROOT; };
		0BFF432AF1054C31A61991C0 /* BoltzmannPhysicsApp.cpp */ = {isa = PBXFileReference; lastKnownFileType = sourcecode.c.cpp; name = BoltzmannPhysicsApp.cpp; path = ../src/BoltzmannPhysicsApp.cpp; sourceTree = "<group>"; };
		1058C7A1FEA54F0111CA2CBB /* Cocoa.framework */ = {isa = PBXFileReference; lastKnownFileType = wrapper.framework; name = Cocoa.framework; path = /System/Library/Frameworks/Cocoa.framework; sourceTree = "<absolute>"; };
		29B97324FDCFA39411CA2CEA /* AppKit.framework */ = {isa = PBXFileReference; lastKnownFileType = wrapper.framework; name = AppKit.framework; path = /System/Library/Frameworks/AppKit.framework; sourceTree = "<absolute>"; };
		29B97325FDCFA39411CA2CEA /* Foundation.framework */ = {isa = PBXFileReference; lastKnownFileType = wrapper.framework; name = Foundation.framework; path = /System/Library/Frameworks/Foundation.framework; sourceTree = "<absolute>"; };
		368F767DED1B446E9953E6EB /* CinderApp.icns */ = {isa = PBXFileReference; lastKnownFileType = image.icns; name = CinderApp.icns; path = ../resources/CinderApp.icns; sourceTree = "<group>"; };
		3A1733401E78A94400C60D7B /* Scene.hpp */ = {isa = PBXFileReference; fileEncoding = 4; lastKnownFileType = sourcecode.cpp.h; name = Scene.hpp; path = ../src/Scenes/Scene.hpp; sourceTree = "<group>"; };
		3A1733411E78A94400C60D7B /* Scene.cpp */ = {isa = PBXFileReference; fileEncoding = 4; lastKnownFileType = sourcecode.cpp.cpp; name = Scene.cpp; path = ../src/Scenes/Scene.cpp; sourceTree = "<group>"; };
		3A1733431E78A96500C60D7B /* Force.hpp */ = {isa = PBXFileReference; fileEncoding = 4; lastKnownFileType = sourcecode.cpp.h; name = Force.hpp; path = ../src/Dynamics/Force.hpp; sourceTree = "<group>"; };
		3A1733481E78A9DC00C60D7B /* Muscle.cpp */ = {isa = PBXFileReference; fileEncoding = 4; lastKnownFileType = sourcecode.cpp.cpp; name = Muscle.cpp; path = ../src/CharacterEngine/Muscles/Muscle.cpp; sourceTree = "<group>"; };
		3A1733491E78A9DC00C60D7B /* Muscle.hpp */ = {isa = PBXFileReference; fileEncoding = 4; lastKnownFileType = sourcecode.cpp.h; name = Muscle.hpp; path = ../src/CharacterEngine/Muscles/Muscle.hpp; sourceTree = "<group>"; };
		3A1733591E7EDD6200C60D7B /* Brain.hpp */ = {isa = PBXFileReference; fileEncoding = 4; lastKnownFileType = sourcecode.cpp.h; path = Brain.hpp; sourceTree = "<group>"; };
		3A17335A1E7EDD6200C60D7B /* Brain.cpp */ = {isa = PBXFileReference; fileEncoding = 4; lastKnownFileType = sourcecode.cpp.cpp; path = Brain.cpp; sourceTree = "<group>"; };
		3A17335C1E7EDD6C00C60D7B /* Character.hpp */ = {isa = PBXFileReference; fileEncoding = 4; lastKnownFileType = sourcecode.cpp.h; path = Character.hpp; sourceTree = "<group>"; };
		3A17335D1E7EDD6C00C60D7B /* Character.cpp */ = {isa = PBXFileReference; fileEncoding = 4; lastKnownFileType = sourcecode.cpp.cpp; path = Character.cpp; sourceTree = "<group>"; };
		3A1733601E7EDD7D00C60D7B /* CharacterScene.cpp */ = {isa = PBXFileReference; fileEncoding = 4; lastKnownFileType = sourcecode.cpp.cpp; path = CharacterScene.cpp; sourceTree = "<group>"; };
		3A1733621E7EDD8C00C60D7B /* Constants.hpp */ = {isa = PBXFileReference; lastKnownFileType = sourcecode.cpp.h; path = Constants.hpp; sourceTree = "<group>"; };
		3A1733651E7EDF2600C60D7B /* EvolutionModel.hpp */ = {isa = PBXFileReference; fileEncoding = 4; lastKnownFileType = sourcecode.cpp.h; name = EvolutionModel.hpp; path = ../src/CharacterEngine/EvolutionModel.hpp; sourceTree = "<group>"; };
		3A1733671E7EE11700C60D7B /* Evolution.cpp */ = {isa = PBXFileReference; fileEncoding = 4; lastKnownFileType = sourcecode.cpp.cpp; name = Evolution.cpp; path = ../src/CharacterEngine/Evolution/Evolution.cpp; sourceTree = "<group>"; };
		3A1733681E7EE11700C60D7B /* Evolution.hpp */ = {isa = PBXFileReference; fileEncoding = 4; lastKnownFileType = sourcecode.cpp.h; name = Evolution.hpp; path = ../src/CharacterEngine/Evolution/Evolution.hpp; sourceTree = "<group>"; };
		3A44CDD51E6F71BC001D7C7A /* RigidBody.cpp */ = {isa = PBXFileReference; fileEncoding = 4; lastKnownFileType = sourcecode.cpp.cpp; name = RigidBody.cpp; path = ../src/Dynamics/RigidBody.cpp; sourceTree = "<group>"; };
		3A44CDD61E6F71BC001D7C7A /* RigidBody.hpp */ = {isa = PBXFileReference; fileEncoding = 4; lastKnownFileType = sourcecode.cpp.h; name = RigidBody.hpp; path = ../src/Dynamics/RigidBody.hpp; sourceTree = "<group>"; };
		3A44CDDA1E6F75FF001D7C7A /* Shape.hpp */ = {isa = PBXFileReference; fileEncoding = 4; lastKnownFileType = sourcecode.cpp.h; name = Shape.hpp; path = ../src/Geometry/Shape.hpp; sourceTree = "<group>"; };
		3A44CDDC1E6F78E1001D7C7A /* Sphere.cpp */ = {isa = PBXFileReference; fileEncoding = 4; lastKnownFileType = sourcecode.cpp.cpp; name = Sphere.cpp; path = ../src/Geometry/Sphere.cpp; sourceTree = "<group>"; };
		3A44CDDE1E6F7B63001D7C7A /* Box.cpp */ = {isa = PBXFileReference; fileEncoding = 4; lastKnownFileType = sourcecode.cpp.cpp; name = Box.cpp; path = ../src/Geometry/Box.cpp; sourceTree = "<group>"; };
		3A44CDE11E6F7BA5001D7C7A /* Utils.cpp */ = {isa = PBXFileReference; fileEncoding = 4; lastKnownFileType = sourcecode.cpp.cpp; name = Utils.cpp; path = ../src/Utils/Utils.cpp; sourceTree = "<group>"; };
		3A44CDE21E6F7BA5001D7C7A /* Utils.hpp */ = {isa = PBXFileReference; fileEncoding = 4; lastKnownFileType = sourcecode.cpp.h; name = Utils.hpp; path = ../src/Utils/Utils.hpp; sourceTree = "<group>"; };
		3A44CDE61E6F7EA1001D7C7A /* BaseConstraint.cpp */ = {isa = PBXFileReference; fileEncoding = 4; lastKnownFileType = sourcecode.cpp.cpp; name = BaseConstraint.cpp; path = ../src/Dynamics/Constraints/BaseConstraint.cpp; sourceTree = "<group>"; };
		3A44CDE71E6F7EA1001D7C7A /* BaseConstraint.hpp */ = {isa = PBXFileReference; fileEncoding = 4; lastKnownFileType = sourcecode.cpp.h; name = BaseConstraint.hpp; path = ../src/Dynamics/Constraints/BaseConstraint.hpp; sourceTree = "<group>"; };
		3A44CDE91E6F7F38001D7C7A /* GroundConstraint.cpp */ = {isa = PBXFileReference; fileEncoding = 4; lastKnownFileType = sourcecode.cpp.cpp; name = GroundConstraint.cpp; path = ../src/Dynamics/Constraints/GroundConstraint.cpp; sourceTree = "<group>"; };
		3A44CDEA1E6F7F38001D7C7A /* GroundConstraint.hpp */ = {isa = PBXFileReference; fileEncoding = 4; lastKnownFileType = sourcecode.cpp.h; name = GroundConstraint.hpp; path = ../src/Dynamics/Constraints/GroundConstraint.hpp; sourceTree = "<group>"; };
		3A44CDEC1E6F8148001D7C7A /* Constraints.h */ = {isa = PBXFileReference; explicitFileType = sourcecode.cpp.h; name = Constraints.h; path = ../src/Dynamics/Constraints/Constraints.h; sourceTree = "<group>"; };
		3A44CDED1E6F81E4001D7C7A /* DistanceConstraint.cpp */ = {isa = PBXFileReference; fileEncoding = 4; lastKnownFileType = sourcecode.cpp.cpp; name = DistanceConstraint.cpp; path = ../src/Dynamics/Constraints/DistanceConstraint.cpp; sourceTree = "<group>"; };
		3A44CDEE1E6F81E4001D7C7A /* DistanceConstraint.hpp */ = {isa = PBXFileReference; fileEncoding = 4; lastKnownFileType = sourcecode.cpp.h; name = DistanceConstraint.hpp; path = ../src/Dynamics/Constraints/DistanceConstraint.hpp; sourceTree = "<group>"; };
		3A44CDF01E7048CA001D7C7A /* ContactConstraint.cpp */ = {isa = PBXFileReference; fileEncoding = 4; lastKnownFileType = sourcecode.cpp.cpp; name = ContactConstraint.cpp; path = ../src/Dynamics/Constraints/ContactConstraint.cpp; sourceTree = "<group>"; };
		3A44CDF11E7048CA001D7C7A /* ContactConstraint.hpp */ = {isa = PBXFileReference; fileEncoding = 4; lastKnownFileType = sourcecode.cpp.h; name = ContactConstraint.hpp; path = ../src/Dynamics/Constraints/ContactConstraint.hpp; sourceTree = "<group>"; };
		3A44CDF31E704AD7001D7C7A /* CollisionGeometry.hpp */ = {isa = PBXFileReference; explicitFileType = sourcecode.cpp.h; name = CollisionGeometry.hpp; path = ../src/Geometry/CollisionGeometry.hpp; sourceTree = "<group>"; };
		3A44CDF41E70525C001D7C7A /* BallAndSocketJoint.cpp */ = {isa = PBXFileReference; fileEncoding = 4; lastKnownFileType = sourcecode.cpp.cpp; name = BallAndSocketJoint.cpp; path = ../src/Dynamics/Constraints/BallAndSocketJoint.cpp; sourceTree = "<group>"; };
		3A44CDF51E70525C001D7C7A /* BallAndSocketJoint.hpp */ = {isa = PBXFileReference; fileEncoding = 4; lastKnownFileType = sourcecode.cpp.h; name = BallAndSocketJoint.hpp; path = ../src/Dynamics/Constraints/BallAndSocketJoint.hpp; sourceTree = "<group>"; };
		3A44CDF71E70547F001D7C7A /* HingeJoint.cpp */ = {isa = PBXFileReference; fileEncoding = 4; lastKnownFileType = sourcecode.cpp.cpp; name = HingeJoint.cpp; path = ../src/Dynamics/Constraints/HingeJoint.cpp; sourceTree = "<group>"; };
		3A44CDF81E70547F001D7C7A /* HingeJoint.hpp */ = {isa = PBXFileReference; fileEncoding = 4; lastKnownFileType = sourcecode.cpp.h; name = HingeJoint.hpp; path = ../src/Dynamics/Constraints/HingeJoint.hpp; sourceTree = "<group>"; };
		3A44CDFA1E706316001D7C7A /* Collision.cpp */ = {isa = PBXFileReference; fileEncoding = 4; lastKnownFileType = sourcecode.cpp.cpp; name = Collision.cpp; path = ../src/Geometry/Collision.cpp; sourceTree = "<group>"; };
		3A44CDFB1E706316001D7C7A /* Collision.hpp */ = {isa = PBXFileReference; fileEncoding = 4; lastKnownFileType = sourcecode.cpp.h; name = Collision.hpp; path = ../src/Geometry/Collision.hpp; sourceTree = "<group>"; };
		3A44CE091E73B070001D7C7A /* Scenes.hpp */ = {isa = PBXFileReference; fileEncoding = 4; lastKnownFileType = sourcecode.cpp.h; name = Scenes.hpp; path = ../src/Scenes/Scenes.hpp; sourceTree = "<group>"; };
		3A44CE0D1E7460A0001D7C7A /* Material.cpp */ = {isa = PBXFileReference; fileEncoding = 4; lastKnownFileType = sourcecode.cpp.cpp; name = Material.cpp; path = ../src/Dynamics/Materials/Material.cpp; sourceTree = "<group>"; };
		3A44CE0E1E7460A0001D7C7A /* Material.hpp */ = {isa = PBXFileReference; fileEncoding = 4; lastKnownFileType = sourcecode.cpp.h; name = Material.hpp; path = ../src/Dynamics/Materials/Material.hpp; sourceTree = "<group>"; };
		3A44CE101E783D3F001D7C7A /* Island.cpp */ = {isa = PBXFileReference; fileEncoding = 4; lastKnownFileType = sourcecode.cpp.cpp; name = Island.cpp; path = ../src/Dynamics/Island.cpp; sourceTree = "<group>"; };
		3A44CE111E783D3F001D7C7A /* Island.hpp */ = {isa = PBXFileReference; fileEncoding = 4; lastKnownFileType = sourcecode.cpp.h; name = Island.hpp; path = ../src/Dynamics/Island.hpp; sourceTree = "<group>"; };
		3ADFF9511EB52CDE008D882E /* CharacterScene.hpp */ = {isa = PBXFileReference; lastKnownFileType = sourcecode.cpp.h; path = CharacterScene.hpp; sourceTree = "<group>"; };
		5323E6B10EAFCA74003A9687 /* CoreVideo.framework */ = {isa = PBXFileReference; lastKnownFileType = wrapper.framework; name = CoreVideo.framework; path = /System/Library/Frameworks/CoreVideo.framework; sourceTree = "<absolute>"; };
		6E061E20D94D4F1D8CC47034 /* Info.plist */ = {isa = PBXFileReference; lastKnownFileType = text.plist.xml; path = Info.plist; sourceTree = "<group>"; };
		8D1107320486CEB800E47090 /* BoltzmannPhysics.app */ = {isa = PBXFileReference; explicitFileType = wrapper.application; includeInIndex = 0; path = BoltzmannPhysics.app; sourceTree = BUILT_PRODUCTS_DIR; };
		B1AD828B47364785B1523BB7 /* BoltzmannPhysics_Prefix.pch */ = {isa = PBXFileReference; lastKnownFileType = "\"\""; path = BoltzmannPhysics_Prefix.pch; sourceTree = "<group>"; };
		D4E2EBA17B004D0EB62D1EA1 /* Resources.h */ = {isa = PBXFileReference; lastKnownFileType = sourcecode.c.h; name = Resources.h; path = ../include/Resources.h; sourceTree = "<group>"; };
/* End PBXFileReference section */

/* Begin PBXFrameworksBuildPhase section */
		8D11072E0486CEB800E47090 /* Frameworks */ = {
			isa = PBXFrameworksBuildPhase;
			buildActionMask = 2147483647;
			files = (
				006D720419952D00008149E2 /* AVFoundation.framework in Frameworks */,
				006D720519952D00008149E2 /* CoreMedia.framework in Frameworks */,
				8D11072F0486CEB800E47090 /* Cocoa.framework in Frameworks */,
				0091D8F90E81B9330029341E /* OpenGL.framework in Frameworks */,
				5323E6B20EAFCA74003A9687 /* CoreVideo.framework in Frameworks */,
				00B784B30FF439BC000DE1D7 /* Accelerate.framework in Frameworks */,
				00B784B40FF439BC000DE1D7 /* AudioToolbox.framework in Frameworks */,
				00B784B50FF439BC000DE1D7 /* AudioUnit.framework in Frameworks */,
				00B784B60FF439BC000DE1D7 /* CoreAudio.framework in Frameworks */,
				00B9955A1B128DF400A5C623 /* IOKit.framework in Frameworks */,
				00B9955B1B128DF400A5C623 /* IOSurface.framework in Frameworks */,
			);
			runOnlyForDeploymentPostprocessing = 0;
		};
/* End PBXFrameworksBuildPhase section */

/* Begin PBXGroup section */
		01B97315FEAEA392516A2CEA /* Blocks */ = {
			isa = PBXGroup;
			children = (
			);
			name = Blocks;
			sourceTree = "<group>";
		};
		080E96DDFE201D6D7F000001 /* Source */ = {
			isa = PBXGroup;
			children = (
				3A1733461E78A99300C60D7B /* CharacterEngine */,
				3A44CDFD1E71978B001D7C7A /* Scenes */,
				3A44CDE01E6F7B8E001D7C7A /* Utils */,
				3A44CDD81E6F75BA001D7C7A /* Geometry */,
				3A44CDD41E6F713A001D7C7A /* Dynamics */,
				0BFF432AF1054C31A61991C0 /* BoltzmannPhysicsApp.cpp */,
			);
			name = Source;
			sourceTree = "<group>";
		};
		1058C7A0FEA54F0111CA2CBB /* Linked Frameworks */ = {
			isa = PBXGroup;
			children = (
				006D720219952D00008149E2 /* AVFoundation.framework */,
				006D720319952D00008149E2 /* CoreMedia.framework */,
				00B784AF0FF439BC000DE1D7 /* Accelerate.framework */,
				00B784B00FF439BC000DE1D7 /* AudioToolbox.framework */,
				00B784B10FF439BC000DE1D7 /* AudioUnit.framework */,
				00B784B20FF439BC000DE1D7 /* CoreAudio.framework */,
				5323E6B10EAFCA74003A9687 /* CoreVideo.framework */,
				0091D8F80E81B9330029341E /* OpenGL.framework */,
				1058C7A1FEA54F0111CA2CBB /* Cocoa.framework */,
				00B995581B128DF400A5C623 /* IOKit.framework */,
				00B995591B128DF400A5C623 /* IOSurface.framework */,
			);
			name = "Linked Frameworks";
			sourceTree = "<group>";
		};
		1058C7A2FEA54F0111CA2CBB /* Other Frameworks */ = {
			isa = PBXGroup;
			children = (
				29B97324FDCFA39411CA2CEA /* AppKit.framework */,
				29B97325FDCFA39411CA2CEA /* Foundation.framework */,
			);
			name = "Other Frameworks";
			sourceTree = "<group>";
		};
		19C28FACFE9D520D11CA2CBB /* Products */ = {
			isa = PBXGroup;
			children = (
				8D1107320486CEB800E47090 /* BoltzmannPhysics.app */,
			);
			name = Products;
			sourceTree = "<group>";
		};
		29B97314FDCFA39411CA2CEA /* BoltzmannPhysics */ = {
			isa = PBXGroup;
			children = (
				01B97315FEAEA392516A2CEA /* Blocks */,
				29B97315FDCFA39411CA2CEA /* Headers */,
				080E96DDFE201D6D7F000001 /* Source */,
				29B97317FDCFA39411CA2CEA /* Resources */,
				29B97323FDCFA39411CA2CEA /* Frameworks */,
				19C28FACFE9D520D11CA2CBB /* Products */,
			);
			name = BoltzmannPhysics;
			sourceTree = "<group>";
		};
		29B97315FDCFA39411CA2CEA /* Headers */ = {
			isa = PBXGroup;
			children = (
				D4E2EBA17B004D0EB62D1EA1 /* Resources.h */,
				B1AD828B47364785B1523BB7 /* BoltzmannPhysics_Prefix.pch */,
			);
			name = Headers;
			sourceTree = "<group>";
		};
		29B97317FDCFA39411CA2CEA /* Resources */ = {
			isa = PBXGroup;
			children = (
				368F767DED1B446E9953E6EB /* CinderApp.icns */,
				6E061E20D94D4F1D8CC47034 /* Info.plist */,
			);
			name = Resources;
			sourceTree = "<group>";
		};
		29B97323FDCFA39411CA2CEA /* Frameworks */ = {
			isa = PBXGroup;
			children = (
				1058C7A0FEA54F0111CA2CBB /* Linked Frameworks */,
				1058C7A2FEA54F0111CA2CBB /* Other Frameworks */,
			);
			name = Frameworks;
			sourceTree = "<group>";
		};
		3A1733461E78A99300C60D7B /* CharacterEngine */ = {
			isa = PBXGroup;
			children = (
				3A1733631E7EDEF600C60D7B /* Evolution */,
				3A1733551E7EDC9A00C60D7B /* AI */,
				3A17334B1E7A13E300C60D7B /* Characters */,
				3A1733471E78A99D00C60D7B /* Muscles */,
			);
			name = CharacterEngine;
			sourceTree = "<group>";
		};
		3A1733471E78A99D00C60D7B /* Muscles */ = {
			isa = PBXGroup;
			children = (
				3A1733481E78A9DC00C60D7B /* Muscle.cpp */,
				3A1733491E78A9DC00C60D7B /* Muscle.hpp */,
			);
			name = Muscles;
			sourceTree = "<group>";
		};
		3A17334B1E7A13E300C60D7B /* Characters */ = {
			isa = PBXGroup;
			children = (
				3A17335C1E7EDD6C00C60D7B /* Character.hpp */,
				3A17335D1E7EDD6C00C60D7B /* Character.cpp */,
			);
			name = Characters;
			sourceTree = "<group>";
		};
		3A1733551E7EDC9A00C60D7B /* AI */ = {
			isa = PBXGroup;
			children = (
				3A1733591E7EDD6200C60D7B /* Brain.hpp */,
				3A17335A1E7EDD6200C60D7B /* Brain.cpp */,
			);
			name = AI;
			sourceTree = "<group>";
		};
		3A1733631E7EDEF600C60D7B /* Evolution */ = {
			isa = PBXGroup;
			children = (
				3A1733651E7EDF2600C60D7B /* EvolutionModel.hpp */,
				3A1733671E7EE11700C60D7B /* Evolution.cpp */,
				3A1733681E7EE11700C60D7B /* Evolution.hpp */,
			);
			name = Evolution;
			sourceTree = "<group>";
		};
		3A44CDD41E6F713A001D7C7A /* Dynamics */ = {
			isa = PBXGroup;
			children = (
				3A1733621E7EDD8C00C60D7B /* Constants.hpp */,
				3A44CE0C1E74607B001D7C7A /* Materials */,
				3A44CDE51E6F7E78001D7C7A /* Forces */,
				3A44CDE41E6F7E6C001D7C7A /* Constraints */,
				3A44CDD51E6F71BC001D7C7A /* RigidBody.cpp */,
				3A44CDD61E6F71BC001D7C7A /* RigidBody.hpp */,
				3A44CE101E783D3F001D7C7A /* Island.cpp */,
				3A44CE111E783D3F001D7C7A /* Island.hpp */,
			);
			name = Dynamics;
			sourceTree = "<group>";
		};
		3A44CDD81E6F75BA001D7C7A /* Geometry */ = {
			isa = PBXGroup;
			children = (
				3A44CDDA1E6F75FF001D7C7A /* Shape.hpp */,
				3A44CDDC1E6F78E1001D7C7A /* Sphere.cpp */,
				3A44CDDE1E6F7B63001D7C7A /* Box.cpp */,
				3A44CDF31E704AD7001D7C7A /* CollisionGeometry.hpp */,
				3A44CDFA1E706316001D7C7A /* Collision.cpp */,
				3A44CDFB1E706316001D7C7A /* Collision.hpp */,
			);
			name = Geometry;
			sourceTree = "<group>";
		};
		3A44CDE01E6F7B8E001D7C7A /* Utils */ = {
			isa = PBXGroup;
			children = (
				3A44CDE11E6F7BA5001D7C7A /* Utils.cpp */,
				3A44CDE21E6F7BA5001D7C7A /* Utils.hpp */,
			);
			name = Utils;
			sourceTree = "<group>";
		};
		3A44CDE41E6F7E6C001D7C7A /* Constraints */ = {
			isa = PBXGroup;
			children = (
				3A44CDE61E6F7EA1001D7C7A /* BaseConstraint.cpp */,
				3A44CDE71E6F7EA1001D7C7A /* BaseConstraint.hpp */,
				3A44CDE91E6F7F38001D7C7A /* GroundConstraint.cpp */,
				3A44CDEA1E6F7F38001D7C7A /* GroundConstraint.hpp */,
				3A44CDEC1E6F8148001D7C7A /* Constraints.h */,
				3A44CDED1E6F81E4001D7C7A /* DistanceConstraint.cpp */,
				3A44CDEE1E6F81E4001D7C7A /* DistanceConstraint.hpp */,
				3A44CDF01E7048CA001D7C7A /* ContactConstraint.cpp */,
				3A44CDF11E7048CA001D7C7A /* ContactConstraint.hpp */,
				3A44CDF41E70525C001D7C7A /* BallAndSocketJoint.cpp */,
				3A44CDF51E70525C001D7C7A /* BallAndSocketJoint.hpp */,
				3A44CDF71E70547F001D7C7A /* HingeJoint.cpp */,
				3A44CDF81E70547F001D7C7A /* HingeJoint.hpp */,
			);
			name = Constraints;
			sourceTree = "<group>";
		};
		3A44CDE51E6F7E78001D7C7A /* Forces */ = {
			isa = PBXGroup;
			children = (
				3A1733431E78A96500C60D7B /* Force.hpp */,
			);
			name = Forces;
			sourceTree = "<group>";
		};
		3A44CDFD1E71978B001D7C7A /* Scenes */ = {
			isa = PBXGroup;
			children = (
				3A1733401E78A94400C60D7B /* Scene.hpp */,
				3A1733411E78A94400C60D7B /* Scene.cpp */,
				3A44CE091E73B070001D7C7A /* Scenes.hpp */,
				3ADFF9511EB52CDE008D882E /* CharacterScene.hpp */,
				3A1733601E7EDD7D00C60D7B /* CharacterScene.cpp */,
			);
			name = Scenes;
			sourceTree = "<group>";
		};
		3A44CE0C1E74607B001D7C7A /* Materials */ = {
			isa = PBXGroup;
			children = (
				3A44CE0D1E7460A0001D7C7A /* Material.cpp */,
				3A44CE0E1E7460A0001D7C7A /* Material.hpp */,
			);
			name = Materials;
			sourceTree = "<group>";
		};
/* End PBXGroup section */

/* Begin PBXNativeTarget section */
		8D1107260486CEB800E47090 /* BoltzmannPhysics */ = {
			isa = PBXNativeTarget;
			buildConfigurationList = C01FCF4A08A954540054247B /* Build configuration list for PBXNativeTarget "BoltzmannPhysics" */;
			buildPhases = (
				8D1107290486CEB800E47090 /* Resources */,
				8D11072C0486CEB800E47090 /* Sources */,
				8D11072E0486CEB800E47090 /* Frameworks */,
			);
			buildRules = (
			);
			dependencies = (
			);
			name = BoltzmannPhysics;
			productInstallPath = "$(HOME)/Applications";
			productName = BoltzmannPhysics;
			productReference = 8D1107320486CEB800E47090 /* BoltzmannPhysics.app */;
			productType = "com.apple.product-type.application";
		};
/* End PBXNativeTarget section */

/* Begin PBXProject section */
		29B97313FDCFA39411CA2CEA /* Project object */ = {
			isa = PBXProject;
			attributes = {
			};
			buildConfigurationList = C01FCF4E08A954540054247B /* Build configuration list for PBXProject "BoltzmannPhysics" */;
			compatibilityVersion = "Xcode 3.2";
			developmentRegion = English;
			hasScannedForEncodings = 1;
			knownRegions = (
				English,
				Japanese,
				French,
				German,
			);
			mainGroup = 29B97314FDCFA39411CA2CEA /* BoltzmannPhysics */;
			projectDirPath = "";
			projectRoot = "";
			targets = (
				8D1107260486CEB800E47090 /* BoltzmannPhysics */,
			);
		};
/* End PBXProject section */

/* Begin PBXResourcesBuildPhase section */
		8D1107290486CEB800E47090 /* Resources */ = {
			isa = PBXResourcesBuildPhase;
			buildActionMask = 2147483647;
			files = (
				EC87B634BA93402CB24AB258 /* CinderApp.icns in Resources */,
			);
			runOnlyForDeploymentPostprocessing = 0;
		};
/* End PBXResourcesBuildPhase section */

/* Begin PBXSourcesBuildPhase section */
		8D11072C0486CEB800E47090 /* Sources */ = {
			isa = PBXSourcesBuildPhase;
			buildActionMask = 2147483647;
			files = (
				3A17335B1E7EDD6200C60D7B /* Brain.cpp in Sources */,
				3A44CDF61E70525C001D7C7A /* BallAndSocketJoint.cpp in Sources */,
				FA96CC66C0774656A1E6B1D8 /* BoltzmannPhysicsApp.cpp in Sources */,
				3A17334A1E78A9DC00C60D7B /* Muscle.cpp in Sources */,
				3A17335E1E7EDD6C00C60D7B /* Character.cpp in Sources */,
				3A44CDDF1E6F7B63001D7C7A /* Box.cpp in Sources */,
				3A1733611E7EDD7D00C60D7B /* CharacterScene.cpp in Sources */,
				3A44CDF91E70547F001D7C7A /* HingeJoint.cpp in Sources */,
				3A44CE0B1E73B070001D7C7A /* Scenes.hpp in Sources */,
				3A44CDDD1E6F78E1001D7C7A /* Sphere.cpp in Sources */,
				3A1733691E7EE11700C60D7B /* Evolution.cpp in Sources */,
				3A44CE121E783D3F001D7C7A /* Island.cpp in Sources */,
				3A44CDE81E6F7EA1001D7C7A /* BaseConstraint.cpp in Sources */,
				3A1733421E78A94400C60D7B /* Scene.cpp in Sources */,
				3A44CDE31E6F7BA5001D7C7A /* Utils.cpp in Sources */,
				3A44CE0F1E7460A0001D7C7A /* Material.cpp in Sources */,
				3A44CDD71E6F71BC001D7C7A /* RigidBody.cpp in Sources */,
				3A44CDEB1E6F7F38001D7C7A /* GroundConstraint.cpp in Sources */,
				3A44CDEF1E6F81E4001D7C7A /* DistanceConstraint.cpp in Sources */,
				3A44CDFC1E706316001D7C7A /* Collision.cpp in Sources */,
				3A44CDF21E7048CA001D7C7A /* ContactConstraint.cpp in Sources */,
			);
			runOnlyForDeploymentPostprocessing = 0;
		};
/* End PBXSourcesBuildPhase section */

/* Begin XCBuildConfiguration section */
		C01FCF4B08A954540054247B /* Debug */ = {
			isa = XCBuildConfiguration;
			buildSettings = {
				COMBINE_HIDPI_IMAGES = YES;
				COPY_PHASE_STRIP = NO;
				DEAD_CODE_STRIPPING = YES;
				GCC_DYNAMIC_NO_PIC = NO;
				GCC_INLINES_ARE_PRIVATE_EXTERN = YES;
				GCC_OPTIMIZATION_LEVEL = 0;
				GCC_PRECOMPILE_PREFIX_HEADER = YES;
				GCC_PREFIX_HEADER = BoltzmannPhysics_Prefix.pch;
				GCC_PREPROCESSOR_DEFINITIONS = (
					"DEBUG=1",
					"$(inherited)",
				);
				GCC_SYMBOLS_PRIVATE_EXTERN = NO;
				INFOPLIST_FILE = Info.plist;
				INSTALL_PATH = "$(HOME)/Applications";
				OTHER_LDFLAGS = "\"$(CINDER_PATH)/lib/libcinder_d.a\"";
				PRODUCT_BUNDLE_IDENTIFIER = "org.libcinder.${PRODUCT_NAME:rfc1034identifier}";
				PRODUCT_NAME = BoltzmannPhysics;
				SYMROOT = ./build;
				WRAPPER_EXTENSION = app;
			};
			name = Debug;
		};
		C01FCF4C08A954540054247B /* Release */ = {
			isa = XCBuildConfiguration;
			buildSettings = {
				COMBINE_HIDPI_IMAGES = YES;
				DEAD_CODE_STRIPPING = YES;
				DEBUG_INFORMATION_FORMAT = "dwarf-with-dsym";
				GCC_FAST_MATH = YES;
				GCC_GENERATE_DEBUGGING_SYMBOLS = NO;
				GCC_INLINES_ARE_PRIVATE_EXTERN = YES;
				GCC_OPTIMIZATION_LEVEL = 3;
				GCC_PRECOMPILE_PREFIX_HEADER = YES;
				GCC_PREFIX_HEADER = BoltzmannPhysics_Prefix.pch;
				GCC_PREPROCESSOR_DEFINITIONS = (
					"NDEBUG=1",
					"$(inherited)",
				);
				GCC_SYMBOLS_PRIVATE_EXTERN = NO;
				INFOPLIST_FILE = Info.plist;
				INSTALL_PATH = "$(HOME)/Applications";
				OTHER_LDFLAGS = "\"$(CINDER_PATH)/lib/libcinder.a\"";
				PRODUCT_BUNDLE_IDENTIFIER = "org.libcinder.${PRODUCT_NAME:rfc1034identifier}";
				PRODUCT_NAME = BoltzmannPhysics;
				STRIP_INSTALLED_PRODUCT = YES;
				SYMROOT = ./build;
				WRAPPER_EXTENSION = app;
			};
			name = Release;
		};
		C01FCF4F08A954540054247B /* Debug */ = {
			isa = XCBuildConfiguration;
			buildSettings = {
				ALWAYS_SEARCH_USER_PATHS = NO;
				CINDER_PATH = ../../../../../Downloads/cinder_0.9.0_mac;
				CLANG_CXX_LANGUAGE_STANDARD = "c++11";
				CLANG_CXX_LIBRARY = "libc++";
				ENABLE_TESTABILITY = YES;
				GCC_WARN_ABOUT_RETURN_TYPE = YES;
				GCC_WARN_UNUSED_VARIABLE = YES;
				HEADER_SEARCH_PATHS = "\"$(CINDER_PATH)/include\"";
				MACOSX_DEPLOYMENT_TARGET = 10.8;
				ONLY_ACTIVE_ARCH = YES;
				SDKROOT = macosx;
				USER_HEADER_SEARCH_PATHS = "\"$(CINDER_PATH)/include\" ../include";
			};
			name = Debug;
		};
		C01FCF5008A954540054247B /* Release */ = {
			isa = XCBuildConfiguration;
			buildSettings = {
				ALWAYS_SEARCH_USER_PATHS = NO;
				CINDER_PATH = ../../../../../Downloads/cinder_0.9.0_mac;
				CLANG_CXX_LANGUAGE_STANDARD = "c++11";
				CLANG_CXX_LIBRARY = "libc++";
				GCC_WARN_ABOUT_RETURN_TYPE = YES;
				GCC_WARN_UNUSED_VARIABLE = YES;
				HEADER_SEARCH_PATHS = "\"$(CINDER_PATH)/include\"";
				MACOSX_DEPLOYMENT_TARGET = 10.8;
				SDKROOT = macosx;
				USER_HEADER_SEARCH_PATHS = "\"$(CINDER_PATH)/include\" ../include";
			};
			name = Release;
		};
/* End XCBuildConfiguration section */

/* Begin XCConfigurationList section */
		C01FCF4A08A954540054247B /* Build configuration list for PBXNativeTarget "BoltzmannPhysics" */ = {
			isa = XCConfigurationList;
			buildConfigurations = (
				C01FCF4B08A954540054247B /* Debug */,
				C01FCF4C08A954540054247B /* Release */,
			);
			defaultConfigurationIsVisible = 0;
			defaultConfigurationName = Release;
		};
		C01FCF4E08A954540054247B /* Build configuration list for PBXProject "BoltzmannPhysics" */ = {
			isa = XCConfigurationList;
			buildConfigurations = (
				C01FCF4F08A954540054247B /* Debug */,
				C01FCF5008A954540054247B /* Release */,
			);
			defaultConfigurationIsVisible = 0;
			defaultConfigurationName = Release;
		};
/* End XCConfigurationList section */
	};
	rootObject = 29B97313FDCFA39411CA2CEA /* Project object */;
}
