// !$*UTF8*$!
{
	archiveVersion = 1;
	classes = {
	};
	objectVersion = 46;
	objects = {

/* Begin PBXBuildFile section */
		006D720419952D00008149E2 /* AVFoundation.framework in Frameworks */ = {isa = PBXBuildFile; fileRef = 006D720219952D00008149E2 /* AVFoundation.framework */; };
		006D720519952D00008149E2 /* CoreMedia.framework in Frameworks */ = {isa = PBXBuildFile; fileRef = 006D720319952D00008149E2 /* CoreMedia.framework */; };
		0091D8F90E81B9330029341E /* OpenGL.framework in Frameworks */ = {isa = PBXBuildFile; fileRef = 0091D8F80E81B9330029341E /* OpenGL.framework */; };
		00B784B30FF439BC000DE1D7 /* Accelerate.framework in Frameworks */ = {isa = PBXBuildFile; fileRef = 00B784AF0FF439BC000DE1D7 /* Accelerate.framework */; };
		00B784B40FF439BC000DE1D7 /* AudioToolbox.framework in Frameworks */ = {isa = PBXBuildFile; fileRef = 00B784B00FF439BC000DE1D7 /* AudioToolbox.framework */; };
		00B784B50FF439BC000DE1D7 /* AudioUnit.framework in Frameworks */ = {isa = PBXBuildFile; fileRef = 00B784B10FF439BC000DE1D7 /* AudioUnit.framework */; };
		00B784B60FF439BC000DE1D7 /* CoreAudio.framework in Frameworks */ = {isa = PBXBuildFile; fileRef = 00B784B20FF439BC000DE1D7 /* CoreAudio.framework */; };
		00B9955A1B128DF400A5C623 /* IOKit.framework in Frameworks */ = {isa = PBXBuildFile; fileRef = 00B995581B128DF400A5C623 /* IOKit.framework */; };
		00B9955B1B128DF400A5C623 /* IOSurface.framework in Frameworks */ = {isa = PBXBuildFile; fileRef = 00B995591B128DF400A5C623 /* IOSurface.framework */; };
		17357AA5FA444607B693129B /* CinderApp.icns in Resources */ = {isa = PBXBuildFile; fileRef = 821D57A286584BCAA5A8CDF0 /* CinderApp.icns */; };
		3A33580D1EBFF5C50000FC97 /* Brain.cpp in Sources */ = {isa = PBXBuildFile; fileRef = 3A3357D61EBFF5C50000FC97 /* Brain.cpp */; };
		3A33580E1EBFF5C50000FC97 /* Character.cpp in Sources */ = {isa = PBXBuildFile; fileRef = 3A3357D91EBFF5C50000FC97 /* Character.cpp */; };
		3A33580F1EBFF5C50000FC97 /* SimbiconCharacter.cpp in Sources */ = {isa = PBXBuildFile; fileRef = 3A3357DB1EBFF5C50000FC97 /* SimbiconCharacter.cpp */; };
		3A3358101EBFF5C50000FC97 /* Evolution.cpp in Sources */ = {isa = PBXBuildFile; fileRef = 3A3357DE1EBFF5C50000FC97 /* Evolution.cpp */; };
		3A3358111EBFF5C50000FC97 /* Muscle.cpp in Sources */ = {isa = PBXBuildFile; fileRef = 3A3357E21EBFF5C50000FC97 /* Muscle.cpp */; };
		3A3358121EBFF5C50000FC97 /* BallAndSocketJoint.cpp in Sources */ = {isa = PBXBuildFile; fileRef = 3A3357E71EBFF5C50000FC97 /* BallAndSocketJoint.cpp */; };
		3A3358131EBFF5C50000FC97 /* BaseConstraint.cpp in Sources */ = {isa = PBXBuildFile; fileRef = 3A3357E91EBFF5C50000FC97 /* BaseConstraint.cpp */; };
		3A3358141EBFF5C50000FC97 /* ContactConstraint.cpp in Sources */ = {isa = PBXBuildFile; fileRef = 3A3357EC1EBFF5C50000FC97 /* ContactConstraint.cpp */; };
		3A3358151EBFF5C50000FC97 /* DistanceConstraint.cpp in Sources */ = {isa = PBXBuildFile; fileRef = 3A3357EE1EBFF5C50000FC97 /* DistanceConstraint.cpp */; };
		3A3358161EBFF5C50000FC97 /* GroundConstraint.cpp in Sources */ = {isa = PBXBuildFile; fileRef = 3A3357F01EBFF5C50000FC97 /* GroundConstraint.cpp */; };
		3A3358171EBFF5C50000FC97 /* HingeJoint.cpp in Sources */ = {isa = PBXBuildFile; fileRef = 3A3357F21EBFF5C50000FC97 /* HingeJoint.cpp */; };
		3A3358181EBFF5C50000FC97 /* Island.cpp in Sources */ = {isa = PBXBuildFile; fileRef = 3A3357F51EBFF5C50000FC97 /* Island.cpp */; };
		3A3358191EBFF5C50000FC97 /* Material.cpp in Sources */ = {isa = PBXBuildFile; fileRef = 3A3357F81EBFF5C50000FC97 /* Material.cpp */; };
		3A33581A1EBFF5C50000FC97 /* RigidBody.cpp in Sources */ = {isa = PBXBuildFile; fileRef = 3A3357FA1EBFF5C50000FC97 /* RigidBody.cpp */; };
		3A33581B1EBFF5C50000FC97 /* Box.cpp in Sources */ = {isa = PBXBuildFile; fileRef = 3A3357FD1EBFF5C50000FC97 /* Box.cpp */; };
		3A33581C1EBFF5C50000FC97 /* Collision.cpp in Sources */ = {isa = PBXBuildFile; fileRef = 3A3357FE1EBFF5C50000FC97 /* Collision.cpp */; };
		3A33581D1EBFF5C50000FC97 /* Sphere.cpp in Sources */ = {isa = PBXBuildFile; fileRef = 3A3358021EBFF5C50000FC97 /* Sphere.cpp */; };
		3A33581E1EBFF5C50000FC97 /* CharacterScene.cpp in Sources */ = {isa = PBXBuildFile; fileRef = 3A3358041EBFF5C50000FC97 /* CharacterScene.cpp */; };
		3A33581F1EBFF5C50000FC97 /* Scene.cpp in Sources */ = {isa = PBXBuildFile; fileRef = 3A3358061EBFF5C50000FC97 /* Scene.cpp */; };
		3A3358201EBFF5C50000FC97 /* Utils.cpp in Sources */ = {isa = PBXBuildFile; fileRef = 3A33580A1EBFF5C50000FC97 /* Utils.cpp */; };
		3A3358211EBFF5C50000FC97 /* BoltzmannPhysicsApp.cpp in Sources */ = {isa = PBXBuildFile; fileRef = 3A33580C1EBFF5C50000FC97 /* BoltzmannPhysicsApp.cpp */; };
		5323E6B20EAFCA74003A9687 /* CoreVideo.framework in Frameworks */ = {isa = PBXBuildFile; fileRef = 5323E6B10EAFCA74003A9687 /* CoreVideo.framework */; };
		8D11072F0486CEB800E47090 /* Cocoa.framework in Frameworks */ = {isa = PBXBuildFile; fileRef = 1058C7A1FEA54F0111CA2CBB /* Cocoa.framework */; };
/* End PBXBuildFile section */

/* Begin PBXFileReference section */
		006D720219952D00008149E2 /* AVFoundation.framework */ = {isa = PBXFileReference; lastKnownFileType = wrapper.framework; name = AVFoundation.framework; path = System/Library/Frameworks/AVFoundation.framework; sourceTree = SDKROOT; };
		006D720319952D00008149E2 /* CoreMedia.framework */ = {isa = PBXFileReference; lastKnownFileType = wrapper.framework; name = CoreMedia.framework; path = System/Library/Frameworks/CoreMedia.framework; sourceTree = SDKROOT; };
		0091D8F80E81B9330029341E /* OpenGL.framework */ = {isa = PBXFileReference; lastKnownFileType = wrapper.framework; name = OpenGL.framework; path = /System/Library/Frameworks/OpenGL.framework; sourceTree = "<absolute>"; };
		00B784AF0FF439BC000DE1D7 /* Accelerate.framework */ = {isa = PBXFileReference; lastKnownFileType = wrapper.framework; name = Accelerate.framework; path = System/Library/Frameworks/Accelerate.framework; sourceTree = SDKROOT; };
		00B784B00FF439BC000DE1D7 /* AudioToolbox.framework */ = {isa = PBXFileReference; lastKnownFileType = wrapper.framework; name = AudioToolbox.framework; path = System/Library/Frameworks/AudioToolbox.framework; sourceTree = SDKROOT; };
		00B784B10FF439BC000DE1D7 /* AudioUnit.framework */ = {isa = PBXFileReference; lastKnownFileType = wrapper.framework; name = AudioUnit.framework; path = System/Library/Frameworks/AudioUnit.framework; sourceTree = SDKROOT; };
		00B784B20FF439BC000DE1D7 /* CoreAudio.framework */ = {isa = PBXFileReference; lastKnownFileType = wrapper.framework; name = CoreAudio.framework; path = System/Library/Frameworks/CoreAudio.framework; sourceTree = SDKROOT; };
		00B995581B128DF400A5C623 /* IOKit.framework */ = {isa = PBXFileReference; lastKnownFileType = wrapper.framework; name = IOKit.framework; path = System/Library/Frameworks/IOKit.framework; sourceTree = SDKROOT; };
		00B995591B128DF400A5C623 /* IOSurface.framework */ = {isa = PBXFileReference; lastKnownFileType = wrapper.framework; name = IOSurface.framework; path = System/Library/Frameworks/IOSurface.framework; sourceTree = SDKROOT; };
		1058C7A1FEA54F0111CA2CBB /* Cocoa.framework */ = {isa = PBXFileReference; lastKnownFileType = wrapper.framework; name = Cocoa.framework; path = /System/Library/Frameworks/Cocoa.framework; sourceTree = "<absolute>"; };
		29B97324FDCFA39411CA2CEA /* AppKit.framework */ = {isa = PBXFileReference; lastKnownFileType = wrapper.framework; name = AppKit.framework; path = /System/Library/Frameworks/AppKit.framework; sourceTree = "<absolute>"; };
		29B97325FDCFA39411CA2CEA /* Foundation.framework */ = {isa = PBXFileReference; lastKnownFileType = wrapper.framework; name = Foundation.framework; path = /System/Library/Frameworks/Foundation.framework; sourceTree = "<absolute>"; };
		3A3357D61EBFF5C50000FC97 /* Brain.cpp */ = {isa = PBXFileReference; fileEncoding = 4; lastKnownFileType = sourcecode.cpp.cpp; path = Brain.cpp; sourceTree = "<group>"; };
		3A3357D71EBFF5C50000FC97 /* Brain.hpp */ = {isa = PBXFileReference; fileEncoding = 4; lastKnownFileType = sourcecode.cpp.h; path = Brain.hpp; sourceTree = "<group>"; };
		3A3357D91EBFF5C50000FC97 /* Character.cpp */ = {isa = PBXFileReference; fileEncoding = 4; lastKnownFileType = sourcecode.cpp.cpp; path = Character.cpp; sourceTree = "<group>"; };
		3A3357DA1EBFF5C50000FC97 /* Character.hpp */ = {isa = PBXFileReference; fileEncoding = 4; lastKnownFileType = sourcecode.cpp.h; path = Character.hpp; sourceTree = "<group>"; };
		3A3357DB1EBFF5C50000FC97 /* SimbiconCharacter.cpp */ = {isa = PBXFileReference; fileEncoding = 4; lastKnownFileType = sourcecode.cpp.cpp; path = SimbiconCharacter.cpp; sourceTree = "<group>"; };
		3A3357DC1EBFF5C50000FC97 /* SimbiconCharacter.hpp */ = {isa = PBXFileReference; fileEncoding = 4; lastKnownFileType = sourcecode.cpp.h; path = SimbiconCharacter.hpp; sourceTree = "<group>"; };
		3A3357DE1EBFF5C50000FC97 /* Evolution.cpp */ = {isa = PBXFileReference; fileEncoding = 4; lastKnownFileType = sourcecode.cpp.cpp; path = Evolution.cpp; sourceTree = "<group>"; };
		3A3357DF1EBFF5C50000FC97 /* Evolution.hpp */ = {isa = PBXFileReference; fileEncoding = 4; lastKnownFileType = sourcecode.cpp.h; path = Evolution.hpp; sourceTree = "<group>"; };
		3A3357E01EBFF5C50000FC97 /* EvolutionModel.hpp */ = {isa = PBXFileReference; fileEncoding = 4; lastKnownFileType = sourcecode.cpp.h; name = EvolutionModel.hpp; path = CharacterEngine/EvolutionModel.hpp; sourceTree = SOURCE_ROOT; };
		3A3357E21EBFF5C50000FC97 /* Muscle.cpp */ = {isa = PBXFileReference; fileEncoding = 4; lastKnownFileType = sourcecode.cpp.cpp; path = Muscle.cpp; sourceTree = "<group>"; };
		3A3357E31EBFF5C50000FC97 /* Muscle.hpp */ = {isa = PBXFileReference; fileEncoding = 4; lastKnownFileType = sourcecode.cpp.h; path = Muscle.hpp; sourceTree = "<group>"; };
		3A3357E51EBFF5C50000FC97 /* Constants.hpp */ = {isa = PBXFileReference; fileEncoding = 4; lastKnownFileType = sourcecode.cpp.h; path = Constants.hpp; sourceTree = "<group>"; };
		3A3357E71EBFF5C50000FC97 /* BallAndSocketJoint.cpp */ = {isa = PBXFileReference; fileEncoding = 4; lastKnownFileType = sourcecode.cpp.cpp; path = BallAndSocketJoint.cpp; sourceTree = "<group>"; };
		3A3357E81EBFF5C50000FC97 /* BallAndSocketJoint.hpp */ = {isa = PBXFileReference; fileEncoding = 4; lastKnownFileType = sourcecode.cpp.h; path = BallAndSocketJoint.hpp; sourceTree = "<group>"; };
		3A3357E91EBFF5C50000FC97 /* BaseConstraint.cpp */ = {isa = PBXFileReference; fileEncoding = 4; lastKnownFileType = sourcecode.cpp.cpp; path = BaseConstraint.cpp; sourceTree = "<group>"; };
		3A3357EA1EBFF5C50000FC97 /* BaseConstraint.hpp */ = {isa = PBXFileReference; fileEncoding = 4; lastKnownFileType = sourcecode.cpp.h; path = BaseConstraint.hpp; sourceTree = "<group>"; };
		3A3357EB1EBFF5C50000FC97 /* Constraints.h */ = {isa = PBXFileReference; fileEncoding = 4; lastKnownFileType = sourcecode.c.h; path = Constraints.h; sourceTree = "<group>"; };
		3A3357EC1EBFF5C50000FC97 /* ContactConstraint.cpp */ = {isa = PBXFileReference; fileEncoding = 4; lastKnownFileType = sourcecode.cpp.cpp; path = ContactConstraint.cpp; sourceTree = "<group>"; };
		3A3357ED1EBFF5C50000FC97 /* ContactConstraint.hpp */ = {isa = PBXFileReference; fileEncoding = 4; lastKnownFileType = sourcecode.cpp.h; path = ContactConstraint.hpp; sourceTree = "<group>"; };
		3A3357EE1EBFF5C50000FC97 /* DistanceConstraint.cpp */ = {isa = PBXFileReference; fileEncoding = 4; lastKnownFileType = sourcecode.cpp.cpp; path = DistanceConstraint.cpp; sourceTree = "<group>"; };
		3A3357EF1EBFF5C50000FC97 /* DistanceConstraint.hpp */ = {isa = PBXFileReference; fileEncoding = 4; lastKnownFileType = sourcecode.cpp.h; path = DistanceConstraint.hpp; sourceTree = "<group>"; };
		3A3357F01EBFF5C50000FC97 /* GroundConstraint.cpp */ = {isa = PBXFileReference; fileEncoding = 4; lastKnownFileType = sourcecode.cpp.cpp; path = GroundConstraint.cpp; sourceTree = "<group>"; };
		3A3357F11EBFF5C50000FC97 /* GroundConstraint.hpp */ = {isa = PBXFileReference; fileEncoding = 4; lastKnownFileType = sourcecode.cpp.h; path = GroundConstraint.hpp; sourceTree = "<group>"; };
		3A3357F21EBFF5C50000FC97 /* HingeJoint.cpp */ = {isa = PBXFileReference; fileEncoding = 4; lastKnownFileType = sourcecode.cpp.cpp; path = HingeJoint.cpp; sourceTree = "<group>"; };
		3A3357F31EBFF5C50000FC97 /* HingeJoint.hpp */ = {isa = PBXFileReference; fileEncoding = 4; lastKnownFileType = sourcecode.cpp.h; path = HingeJoint.hpp; sourceTree = "<group>"; };
		3A3357F41EBFF5C50000FC97 /* Force.hpp */ = {isa = PBXFileReference; fileEncoding = 4; lastKnownFileType = sourcecode.cpp.h; path = Force.hpp; sourceTree = "<group>"; };
		3A3357F51EBFF5C50000FC97 /* Island.cpp */ = {isa = PBXFileReference; fileEncoding = 4; lastKnownFileType = sourcecode.cpp.cpp; path = Island.cpp; sourceTree = "<group>"; };
		3A3357F61EBFF5C50000FC97 /* Island.hpp */ = {isa = PBXFileReference; fileEncoding = 4; lastKnownFileType = sourcecode.cpp.h; path = Island.hpp; sourceTree = "<group>"; };
		3A3357F81EBFF5C50000FC97 /* Material.cpp */ = {isa = PBXFileReference; fileEncoding = 4; lastKnownFileType = sourcecode.cpp.cpp; path = Material.cpp; sourceTree = "<group>"; };
		3A3357F91EBFF5C50000FC97 /* Material.hpp */ = {isa = PBXFileReference; fileEncoding = 4; lastKnownFileType = sourcecode.cpp.h; path = Material.hpp; sourceTree = "<group>"; };
		3A3357FA1EBFF5C50000FC97 /* RigidBody.cpp */ = {isa = PBXFileReference; fileEncoding = 4; lastKnownFileType = sourcecode.cpp.cpp; path = RigidBody.cpp; sourceTree = "<group>"; };
		3A3357FB1EBFF5C50000FC97 /* RigidBody.hpp */ = {isa = PBXFileReference; fileEncoding = 4; lastKnownFileType = sourcecode.cpp.h; path = RigidBody.hpp; sourceTree = "<group>"; };
		3A3357FD1EBFF5C50000FC97 /* Box.cpp */ = {isa = PBXFileReference; fileEncoding = 4; lastKnownFileType = sourcecode.cpp.cpp; path = Box.cpp; sourceTree = "<group>"; };
		3A3357FE1EBFF5C50000FC97 /* Collision.cpp */ = {isa = PBXFileReference; fileEncoding = 4; lastKnownFileType = sourcecode.cpp.cpp; path = Collision.cpp; sourceTree = "<group>"; };
		3A3357FF1EBFF5C50000FC97 /* Collision.hpp */ = {isa = PBXFileReference; fileEncoding = 4; lastKnownFileType = sourcecode.cpp.h; path = Collision.hpp; sourceTree = "<group>"; };
		3A3358001EBFF5C50000FC97 /* CollisionGeometry.hpp */ = {isa = PBXFileReference; fileEncoding = 4; lastKnownFileType = sourcecode.cpp.h; path = CollisionGeometry.hpp; sourceTree = "<group>"; };
		3A3358011EBFF5C50000FC97 /* Shape.hpp */ = {isa = PBXFileReference; fileEncoding = 4; lastKnownFileType = sourcecode.cpp.h; path = Shape.hpp; sourceTree = "<group>"; };
		3A3358021EBFF5C50000FC97 /* Sphere.cpp */ = {isa = PBXFileReference; fileEncoding = 4; lastKnownFileType = sourcecode.cpp.cpp; path = Sphere.cpp; sourceTree = "<group>"; };
		3A3358041EBFF5C50000FC97 /* CharacterScene.cpp */ = {isa = PBXFileReference; fileEncoding = 4; lastKnownFileType = sourcecode.cpp.cpp; path = CharacterScene.cpp; sourceTree = "<group>"; };
		3A3358051EBFF5C50000FC97 /* CharacterScene.hpp */ = {isa = PBXFileReference; fileEncoding = 4; lastKnownFileType = sourcecode.cpp.h; path = CharacterScene.hpp; sourceTree = "<group>"; };
		3A3358061EBFF5C50000FC97 /* Scene.cpp */ = {isa = PBXFileReference; fileEncoding = 4; lastKnownFileType = sourcecode.cpp.cpp; path = Scene.cpp; sourceTree = "<group>"; };
		3A3358071EBFF5C50000FC97 /* Scene.hpp */ = {isa = PBXFileReference; fileEncoding = 4; lastKnownFileType = sourcecode.cpp.h; path = Scene.hpp; sourceTree = "<group>"; };
		3A3358081EBFF5C50000FC97 /* Scenes.hpp */ = {isa = PBXFileReference; fileEncoding = 4; lastKnownFileType = sourcecode.cpp.h; path = Scenes.hpp; sourceTree = "<group>"; };
		3A33580A1EBFF5C50000FC97 /* Utils.cpp */ = {isa = PBXFileReference; fileEncoding = 4; lastKnownFileType = sourcecode.cpp.cpp; path = Utils.cpp; sourceTree = "<group>"; };
		3A33580B1EBFF5C50000FC97 /* Utils.hpp */ = {isa = PBXFileReference; fileEncoding = 4; lastKnownFileType = sourcecode.cpp.h; path = Utils.hpp; sourceTree = "<group>"; };
		3A33580C1EBFF5C50000FC97 /* BoltzmannPhysicsApp.cpp */ = {isa = PBXFileReference; fileEncoding = 4; lastKnownFileType = sourcecode.cpp.cpp; path = BoltzmannPhysicsApp.cpp; sourceTree = "<group>"; };
		5323E6B10EAFCA74003A9687 /* CoreVideo.framework */ = {isa = PBXFileReference; lastKnownFileType = wrapper.framework; name = CoreVideo.framework; path = /System/Library/Frameworks/CoreVideo.framework; sourceTree = "<absolute>"; };
		562B3BC4D4D94CFBB2ACE56A /* BoltzmannPhysics_Prefix.pch */ = {isa = PBXFileReference; lastKnownFileType = "\"\""; path = BoltzmannPhysics_Prefix.pch; sourceTree = "<group>"; };
		821D57A286584BCAA5A8CDF0 /* CinderApp.icns */ = {isa = PBXFileReference; lastKnownFileType = image.icns; name = CinderApp.icns; path = ../resources/CinderApp.icns; sourceTree = "<group>"; };
		8D1107320486CEB800E47090 /* BoltzmannPhysics.app */ = {isa = PBXFileReference; explicitFileType = wrapper.application; includeInIndex = 0; path = BoltzmannPhysics.app; sourceTree = BUILT_PRODUCTS_DIR; };
		966B04FD4ED848079E7BFCA3 /* Resources.h */ = {isa = PBXFileReference; lastKnownFileType = sourcecode.c.h; name = Resources.h; path = ../include/Resources.h; sourceTree = "<group>"; };
		F35C1CECBB4E4F71A16BEC80 /* Info.plist */ = {isa = PBXFileReference; lastKnownFileType = text.plist.xml; path = Info.plist; sourceTree = "<group>"; };
/* End PBXFileReference section */

/* Begin PBXFrameworksBuildPhase section */
		8D11072E0486CEB800E47090 /* Frameworks */ = {
			isa = PBXFrameworksBuildPhase;
			buildActionMask = 2147483647;
			files = (
				006D720419952D00008149E2 /* AVFoundation.framework in Frameworks */,
				006D720519952D00008149E2 /* CoreMedia.framework in Frameworks */,
				8D11072F0486CEB800E47090 /* Cocoa.framework in Frameworks */,
				0091D8F90E81B9330029341E /* OpenGL.framework in Frameworks */,
				5323E6B20EAFCA74003A9687 /* CoreVideo.framework in Frameworks */,
				00B784B30FF439BC000DE1D7 /* Accelerate.framework in Frameworks */,
				00B784B40FF439BC000DE1D7 /* AudioToolbox.framework in Frameworks */,
				00B784B50FF439BC000DE1D7 /* AudioUnit.framework in Frameworks */,
				00B784B60FF439BC000DE1D7 /* CoreAudio.framework in Frameworks */,
				00B9955A1B128DF400A5C623 /* IOKit.framework in Frameworks */,
				00B9955B1B128DF400A5C623 /* IOSurface.framework in Frameworks */,
			);
			runOnlyForDeploymentPostprocessing = 0;
		};
/* End PBXFrameworksBuildPhase section */

/* Begin PBXGroup section */
		01B97315FEAEA392516A2CEA /* Blocks */ = {
			isa = PBXGroup;
			children = (
			);
			name = Blocks;
			sourceTree = "<group>";
		};
		080E96DDFE201D6D7F000001 /* Source */ = {
			isa = PBXGroup;
			children = (
				3A3357D41EBFF5C50000FC97 /* CharacterEngine */,
				3A3357E41EBFF5C50000FC97 /* Dynamics */,
				3A3357FC1EBFF5C50000FC97 /* Geometry */,
				3A3358031EBFF5C50000FC97 /* Scenes */,
				3A3358091EBFF5C50000FC97 /* Utils */,
				3A33580C1EBFF5C50000FC97 /* BoltzmannPhysicsApp.cpp */,
			);
			name = Source;
			sourceTree = "<group>";
		};
		1058C7A0FEA54F0111CA2CBB /* Linked Frameworks */ = {
			isa = PBXGroup;
			children = (
				006D720219952D00008149E2 /* AVFoundation.framework */,
				006D720319952D00008149E2 /* CoreMedia.framework */,
				00B784AF0FF439BC000DE1D7 /* Accelerate.framework */,
				00B784B00FF439BC000DE1D7 /* AudioToolbox.framework */,
				00B784B10FF439BC000DE1D7 /* AudioUnit.framework */,
				00B784B20FF439BC000DE1D7 /* CoreAudio.framework */,
				5323E6B10EAFCA74003A9687 /* CoreVideo.framework */,
				0091D8F80E81B9330029341E /* OpenGL.framework */,
				1058C7A1FEA54F0111CA2CBB /* Cocoa.framework */,
				00B995581B128DF400A5C623 /* IOKit.framework */,
				00B995591B128DF400A5C623 /* IOSurface.framework */,
			);
			name = "Linked Frameworks";
			sourceTree = "<group>";
		};
		1058C7A2FEA54F0111CA2CBB /* Other Frameworks */ = {
			isa = PBXGroup;
			children = (
				29B97324FDCFA39411CA2CEA /* AppKit.framework */,
				29B97325FDCFA39411CA2CEA /* Foundation.framework */,
			);
			name = "Other Frameworks";
			sourceTree = "<group>";
		};
		19C28FACFE9D520D11CA2CBB /* Products */ = {
			isa = PBXGroup;
			children = (
				8D1107320486CEB800E47090 /* BoltzmannPhysics.app */,
			);
			name = Products;
			sourceTree = "<group>";
		};
		29B97314FDCFA39411CA2CEA /* BoltzmannPhysics */ = {
			isa = PBXGroup;
			children = (
				01B97315FEAEA392516A2CEA /* Blocks */,
				29B97315FDCFA39411CA2CEA /* Headers */,
				080E96DDFE201D6D7F000001 /* Source */,
				29B97317FDCFA39411CA2CEA /* Resources */,
				29B97323FDCFA39411CA2CEA /* Frameworks */,
				19C28FACFE9D520D11CA2CBB /* Products */,
			);
			name = BoltzmannPhysics;
			sourceTree = "<group>";
		};
		29B97315FDCFA39411CA2CEA /* Headers */ = {
			isa = PBXGroup;
			children = (
				966B04FD4ED848079E7BFCA3 /* Resources.h */,
				562B3BC4D4D94CFBB2ACE56A /* BoltzmannPhysics_Prefix.pch */,
			);
			name = Headers;
			sourceTree = "<group>";
		};
		29B97317FDCFA39411CA2CEA /* Resources */ = {
			isa = PBXGroup;
			children = (
				821D57A286584BCAA5A8CDF0 /* CinderApp.icns */,
				F35C1CECBB4E4F71A16BEC80 /* Info.plist */,
			);
			name = Resources;
			sourceTree = "<group>";
		};
		29B97323FDCFA39411CA2CEA /* Frameworks */ = {
			isa = PBXGroup;
			children = (
				1058C7A0FEA54F0111CA2CBB /* Linked Frameworks */,
				1058C7A2FEA54F0111CA2CBB /* Other Frameworks */,
			);
			name = Frameworks;
			sourceTree = "<group>";
		};
		3A3357D41EBFF5C50000FC97 /* CharacterEngine */ = {
			isa = PBXGroup;
			children = (
				3A3357D51EBFF5C50000FC97 /* AI */,
				3A3357D81EBFF5C50000FC97 /* Characters */,
				3A3357DD1EBFF5C50000FC97 /* Evolution */,
				3A3357E11EBFF5C50000FC97 /* Muscles */,
			);
			path = CharacterEngine;
			sourceTree = "<group>";
		};
		3A3357D51EBFF5C50000FC97 /* AI */ = {
			isa = PBXGroup;
			children = (
				3A3357D61EBFF5C50000FC97 /* Brain.cpp */,
				3A3357D71EBFF5C50000FC97 /* Brain.hpp */,
			);
			path = AI;
			sourceTree = "<group>";
		};
		3A3357D81EBFF5C50000FC97 /* Characters */ = {
			isa = PBXGroup;
			children = (
				3A3357D91EBFF5C50000FC97 /* Character.cpp */,
				3A3357DA1EBFF5C50000FC97 /* Character.hpp */,
				3A3357DB1EBFF5C50000FC97 /* SimbiconCharacter.cpp */,
				3A3357DC1EBFF5C50000FC97 /* SimbiconCharacter.hpp */,
			);
			path = Characters;
			sourceTree = "<group>";
		};
		3A3357DD1EBFF5C50000FC97 /* Evolution */ = {
			isa = PBXGroup;
			children = (
				3A3357E01EBFF5C50000FC97 /* EvolutionModel.hpp */,
				3A3357DE1EBFF5C50000FC97 /* Evolution.cpp */,
				3A3357DF1EBFF5C50000FC97 /* Evolution.hpp */,
			);
			path = Evolution;
			sourceTree = "<group>";
		};
		3A3357E11EBFF5C50000FC97 /* Muscles */ = {
			isa = PBXGroup;
			children = (
				3A3357E21EBFF5C50000FC97 /* Muscle.cpp */,
				3A3357E31EBFF5C50000FC97 /* Muscle.hpp */,
			);
			path = Muscles;
			sourceTree = "<group>";
		};
		3A3357E41EBFF5C50000FC97 /* Dynamics */ = {
			isa = PBXGroup;
			children = (
				3A3357E51EBFF5C50000FC97 /* Constants.hpp */,
				3A3357E61EBFF5C50000FC97 /* Constraints */,
				3A3357F41EBFF5C50000FC97 /* Force.hpp */,
				3A3357F51EBFF5C50000FC97 /* Island.cpp */,
				3A3357F61EBFF5C50000FC97 /* Island.hpp */,
				3A3357F71EBFF5C50000FC97 /* Materials */,
				3A3357FA1EBFF5C50000FC97 /* RigidBody.cpp */,
				3A3357FB1EBFF5C50000FC97 /* RigidBody.hpp */,
			);
			path = Dynamics;
			sourceTree = "<group>";
		};
		3A3357E61EBFF5C50000FC97 /* Constraints */ = {
			isa = PBXGroup;
			children = (
				3A3357E71EBFF5C50000FC97 /* BallAndSocketJoint.cpp */,
				3A3357E81EBFF5C50000FC97 /* BallAndSocketJoint.hpp */,
				3A3357E91EBFF5C50000FC97 /* BaseConstraint.cpp */,
				3A3357EA1EBFF5C50000FC97 /* BaseConstraint.hpp */,
				3A3357EB1EBFF5C50000FC97 /* Constraints.h */,
				3A3357EC1EBFF5C50000FC97 /* ContactConstraint.cpp */,
				3A3357ED1EBFF5C50000FC97 /* ContactConstraint.hpp */,
				3A3357EE1EBFF5C50000FC97 /* DistanceConstraint.cpp */,
				3A3357EF1EBFF5C50000FC97 /* DistanceConstraint.hpp */,
				3A3357F01EBFF5C50000FC97 /* GroundConstraint.cpp */,
				3A3357F11EBFF5C50000FC97 /* GroundConstraint.hpp */,
				3A3357F21EBFF5C50000FC97 /* HingeJoint.cpp */,
				3A3357F31EBFF5C50000FC97 /* HingeJoint.hpp */,
			);
			path = Constraints;
			sourceTree = "<group>";
		};
		3A3357F71EBFF5C50000FC97 /* Materials */ = {
			isa = PBXGroup;
			children = (
				3A3357F81EBFF5C50000FC97 /* Material.cpp */,
				3A3357F91EBFF5C50000FC97 /* Material.hpp */,
			);
			path = Materials;
			sourceTree = "<group>";
		};
		3A3357FC1EBFF5C50000FC97 /* Geometry */ = {
			isa = PBXGroup;
			children = (
				3A3357FD1EBFF5C50000FC97 /* Box.cpp */,
				3A3357FE1EBFF5C50000FC97 /* Collision.cpp */,
				3A3357FF1EBFF5C50000FC97 /* Collision.hpp */,
				3A3358001EBFF5C50000FC97 /* CollisionGeometry.hpp */,
				3A3358011EBFF5C50000FC97 /* Shape.hpp */,
				3A3358021EBFF5C50000FC97 /* Sphere.cpp */,
			);
			path = Geometry;
			sourceTree = "<group>";
		};
		3A3358031EBFF5C50000FC97 /* Scenes */ = {
			isa = PBXGroup;
			children = (
				3A3358041EBFF5C50000FC97 /* CharacterScene.cpp */,
				3A3358051EBFF5C50000FC97 /* CharacterScene.hpp */,
				3A3358061EBFF5C50000FC97 /* Scene.cpp */,
				3A3358071EBFF5C50000FC97 /* Scene.hpp */,
				3A3358081EBFF5C50000FC97 /* Scenes.hpp */,
			);
			path = Scenes;
			sourceTree = "<group>";
		};
		3A3358091EBFF5C50000FC97 /* Utils */ = {
			isa = PBXGroup;
			children = (
				3A33580A1EBFF5C50000FC97 /* Utils.cpp */,
				3A33580B1EBFF5C50000FC97 /* Utils.hpp */,
			);
			path = Utils;
			sourceTree = "<group>";
		};
/* End PBXGroup section */

/* Begin PBXNativeTarget section */
		8D1107260486CEB800E47090 /* BoltzmannPhysics */ = {
			isa = PBXNativeTarget;
			buildConfigurationList = C01FCF4A08A954540054247B /* Build configuration list for PBXNativeTarget "BoltzmannPhysics" */;
			buildPhases = (
				8D1107290486CEB800E47090 /* Resources */,
				8D11072C0486CEB800E47090 /* Sources */,
				8D11072E0486CEB800E47090 /* Frameworks */,
			);
			buildRules = (
			);
			dependencies = (
			);
			name = BoltzmannPhysics;
			productInstallPath = "$(HOME)/Applications";
			productName = BoltzmannPhysics;
			productReference = 8D1107320486CEB800E47090 /* BoltzmannPhysics.app */;
			productType = "com.apple.product-type.application";
		};
/* End PBXNativeTarget section */

/* Begin PBXProject section */
		29B97313FDCFA39411CA2CEA /* Project object */ = {
			isa = PBXProject;
			attributes = {
			};
			buildConfigurationList = C01FCF4E08A954540054247B /* Build configuration list for PBXProject "BoltzmannPhysics" */;
			compatibilityVersion = "Xcode 3.2";
			developmentRegion = English;
			hasScannedForEncodings = 1;
			knownRegions = (
				English,
				Japanese,
				French,
				German,
			);
			mainGroup = 29B97314FDCFA39411CA2CEA /* BoltzmannPhysics */;
			projectDirPath = "";
			projectRoot = "";
			targets = (
				8D1107260486CEB800E47090 /* BoltzmannPhysics */,
			);
		};
/* End PBXProject section */

/* Begin PBXResourcesBuildPhase section */
		8D1107290486CEB800E47090 /* Resources */ = {
			isa = PBXResourcesBuildPhase;
			buildActionMask = 2147483647;
			files = (
				17357AA5FA444607B693129B /* CinderApp.icns in Resources */,
			);
			runOnlyForDeploymentPostprocessing = 0;
		};
/* End PBXResourcesBuildPhase section */

/* Begin PBXSourcesBuildPhase section */
		8D11072C0486CEB800E47090 /* Sources */ = {
			isa = PBXSourcesBuildPhase;
			buildActionMask = 2147483647;
			files = (
				3A33580E1EBFF5C50000FC97 /* Character.cpp in Sources */,
				3A33581B1EBFF5C50000FC97 /* Box.cpp in Sources */,
				3A33581A1EBFF5C50000FC97 /* RigidBody.cpp in Sources */,
				3A3358101EBFF5C50000FC97 /* Evolution.cpp in Sources */,
				3A33581C1EBFF5C50000FC97 /* Collision.cpp in Sources */,
				3A3358181EBFF5C50000FC97 /* Island.cpp in Sources */,
				3A33580D1EBFF5C50000FC97 /* Brain.cpp in Sources */,
				3A3358131EBFF5C50000FC97 /* BaseConstraint.cpp in Sources */,
				3A33581F1EBFF5C50000FC97 /* Scene.cpp in Sources */,
				3A33581E1EBFF5C50000FC97 /* CharacterScene.cpp in Sources */,
				3A3358151EBFF5C50000FC97 /* DistanceConstraint.cpp in Sources */,
				3A33581D1EBFF5C50000FC97 /* Sphere.cpp in Sources */,
				3A3358171EBFF5C50000FC97 /* HingeJoint.cpp in Sources */,
				3A3358191EBFF5C50000FC97 /* Material.cpp in Sources */,
				3A3358111EBFF5C50000FC97 /* Muscle.cpp in Sources */,
				3A3358201EBFF5C50000FC97 /* Utils.cpp in Sources */,
				3A3358121EBFF5C50000FC97 /* BallAndSocketJoint.cpp in Sources */,
				3A33580F1EBFF5C50000FC97 /* SimbiconCharacter.cpp in Sources */,
				3A3358211EBFF5C50000FC97 /* BoltzmannPhysicsApp.cpp in Sources */,
				3A3358141EBFF5C50000FC97 /* ContactConstraint.cpp in Sources */,
				3A3358161EBFF5C50000FC97 /* GroundConstraint.cpp in Sources */,
			);
			runOnlyForDeploymentPostprocessing = 0;
		};
/* End PBXSourcesBuildPhase section */

/* Begin XCBuildConfiguration section */
		C01FCF4B08A954540054247B /* Debug */ = {
			isa = XCBuildConfiguration;
			buildSettings = {
				COMBINE_HIDPI_IMAGES = YES;
				COPY_PHASE_STRIP = NO;
				DEAD_CODE_STRIPPING = YES;
				GCC_DYNAMIC_NO_PIC = NO;
				GCC_INLINES_ARE_PRIVATE_EXTERN = YES;
				GCC_OPTIMIZATION_LEVEL = 0;
				GCC_PRECOMPILE_PREFIX_HEADER = YES;
				GCC_PREFIX_HEADER = BoltzmannPhysics_Prefix.pch;
				GCC_PREPROCESSOR_DEFINITIONS = (
					"DEBUG=1",
					"$(inherited)",
				);
				GCC_SYMBOLS_PRIVATE_EXTERN = NO;
				INFOPLIST_FILE = Info.plist;
				INSTALL_PATH = "$(HOME)/Applications";
				OTHER_LDFLAGS = "\"$(CINDER_PATH)/lib/libcinder_d.a\"";
				PRODUCT_BUNDLE_IDENTIFIER = "org.libcinder.${PRODUCT_NAME:rfc1034identifier}";
				PRODUCT_NAME = BoltzmannPhysics;
				SYMROOT = ./build;
				WRAPPER_EXTENSION = app;
			};
			name = Debug;
		};
		C01FCF4C08A954540054247B /* Release */ = {
			isa = XCBuildConfiguration;
			buildSettings = {
				COMBINE_HIDPI_IMAGES = YES;
				DEAD_CODE_STRIPPING = YES;
				DEBUG_INFORMATION_FORMAT = "dwarf-with-dsym";
				GCC_FAST_MATH = YES;
				GCC_GENERATE_DEBUGGING_SYMBOLS = NO;
				GCC_INLINES_ARE_PRIVATE_EXTERN = YES;
				GCC_OPTIMIZATION_LEVEL = 3;
				GCC_PRECOMPILE_PREFIX_HEADER = YES;
				GCC_PREFIX_HEADER = BoltzmannPhysics_Prefix.pch;
				GCC_PREPROCESSOR_DEFINITIONS = (
					"NDEBUG=1",
					"$(inherited)",
				);
				GCC_SYMBOLS_PRIVATE_EXTERN = NO;
				INFOPLIST_FILE = Info.plist;
				INSTALL_PATH = "$(HOME)/Applications";
				OTHER_LDFLAGS = "\"$(CINDER_PATH)/lib/libcinder.a\"";
				PRODUCT_BUNDLE_IDENTIFIER = "org.libcinder.${PRODUCT_NAME:rfc1034identifier}";
				PRODUCT_NAME = BoltzmannPhysics;
				STRIP_INSTALLED_PRODUCT = YES;
				SYMROOT = ./build;
				WRAPPER_EXTENSION = app;
			};
			name = Release;
		};
		C01FCF4F08A954540054247B /* Debug */ = {
			isa = XCBuildConfiguration;
			buildSettings = {
				ALWAYS_SEARCH_USER_PATHS = NO;
				CINDER_PATH = ../../../../../Downloads/cinder_0.9.0_mac;
				CLANG_CXX_LANGUAGE_STANDARD = "c++11";
				CLANG_CXX_LIBRARY = "libc++";
				ENABLE_TESTABILITY = YES;
				GCC_WARN_ABOUT_RETURN_TYPE = YES;
				GCC_WARN_UNUSED_VARIABLE = YES;
				HEADER_SEARCH_PATHS = "\"$(CINDER_PATH)/include\"";
				MACOSX_DEPLOYMENT_TARGET = 10.8;
				ONLY_ACTIVE_ARCH = YES;
				SDKROOT = macosx;
				USER_HEADER_SEARCH_PATHS = "\"$(CINDER_PATH)/include\" ../include";
			};
			name = Debug;
		};
		C01FCF5008A954540054247B /* Release */ = {
			isa = XCBuildConfiguration;
			buildSettings = {
				ALWAYS_SEARCH_USER_PATHS = NO;
				CINDER_PATH = ../../../../../Downloads/cinder_0.9.0_mac;
				CLANG_CXX_LANGUAGE_STANDARD = "c++11";
				CLANG_CXX_LIBRARY = "libc++";
				GCC_WARN_ABOUT_RETURN_TYPE = YES;
				GCC_WARN_UNUSED_VARIABLE = YES;
				HEADER_SEARCH_PATHS = "\"$(CINDER_PATH)/include\"";
				MACOSX_DEPLOYMENT_TARGET = 10.8;
				SDKROOT = macosx;
				USER_HEADER_SEARCH_PATHS = "\"$(CINDER_PATH)/include\" ../include";
			};
			name = Release;
		};
/* End XCBuildConfiguration section */

/* Begin XCConfigurationList section */
		C01FCF4A08A954540054247B /* Build configuration list for PBXNativeTarget "BoltzmannPhysics" */ = {
			isa = XCConfigurationList;
			buildConfigurations = (
				C01FCF4B08A954540054247B /* Debug */,
				C01FCF4C08A954540054247B /* Release */,
			);
			defaultConfigurationIsVisible = 0;
			defaultConfigurationName = Release;
		};
		C01FCF4E08A954540054247B /* Build configuration list for PBXProject "BoltzmannPhysics" */ = {
			isa = XCConfigurationList;
			buildConfigurations = (
				C01FCF4F08A954540054247B /* Debug */,
				C01FCF5008A954540054247B /* Release */,
			);
			defaultConfigurationIsVisible = 0;
			defaultConfigurationName = Release;
		};
/* End XCConfigurationList section */
	};
	rootObject = 29B97313FDCFA39411CA2CEA /* Project object */;
}
